# This file is automatically @generated by Cargo.
# It is not intended for manual editing.
version = 4

[[package]]
name = "deepseek-core"
version = "0.1.0"

[[package]]
name = "deepseek-gateway"
version = "0.1.0"
dependencies = [
 "deepseek-core",
]

[[package]]
name = "deepseek-mcp"
version = "0.1.0"
dependencies = [
 "deepseek-core",
]

[[package]]
name = "deepseek-policy"
version = "0.1.0"
dependencies = [
 "deepseek-core",
]

[[package]]
name = "deepseek-rag"
version = "0.1.0"
dependencies = [
 "deepseek-core",
]
